
Microsoft Visual Studio Solution File, Format Version 12.00
# Visual Studio Version 17
VisualStudioVersion = 17.8.34330.188
MinimumVisualStudioVersion = 10.0.40219.1
Project("{FAE04EC0-301F-11D3-BF4B-00C04F79EFBC}") = "EnventosDB.MVC", "EnventosDB.MVC\EnventosDB.MVC.csproj", "{F150CD50-916F-49F0-9D89-056F74F88012}"
EndProject
Global
	GlobalSection(SolutionConfigurationPlatforms) = preSolution
		Debug|Any CPU = Debug|Any CPU
		Release|Any CPU = Release|Any CPU
	EndGlobalSection
	GlobalSection(ProjectConfigurationPlatforms) = postSolution
		{F150CD50-916F-49F0-9D89-056F74F88012}.Debug|Any CPU.ActiveCfg = Debug|Any CPU
		{F150CD50-916F-49F0-9D89-056F74F88012}.Debug|Any CPU.Build.0 = Debug|Any CPU
		{F150CD50-916F-49F0-9D89-056F74F88012}.Release|Any CPU.ActiveCfg = Release|Any CPU
		{F150CD50-916F-49F0-9D89-056F74F88012}.Release|Any CPU.Build.0 = Release|Any CPU
	EndGlobalSection
	GlobalSection(SolutionProperties) = preSolution
		HideSolutionNode = FALSE
	EndGlobalSection
	GlobalSection(ExtensibilityGlobals) = postSolution
		SolutionGuid = {D8F6DBA4-24B3-48DD-820F-3FAD693D8E64}
	EndGlobalSection
EndGlobal
